// !$*UTF8*$!
{
	archiveVersion = 1;
	classes = {
	};
	objectVersion = 77;
	objects = {

/* Begin PBXBuildFile section */
		B5D88CCD2E6EF7040026435F /* silka/data/Training Plan for Muscle Gain.json in Resources */ = {isa = PBXBuildFile; fileRef = B5D88CCC2E6EF7040026435F /* silka/data/Training Plan for Muscle Gain.json */; };
/* End PBXBuildFile section */

/* Begin PBXContainerItemProxy section */
		B5D88CAA2E6EF3400026435F /* PBXContainerItemProxy */ = {
			isa = PBXContainerItemProxy;
			containerPortal = B5D88C902E6EF3400026435F /* Project object */;
			proxyType = 1;
			remoteGlobalIDString = B5D88C972E6EF3400026435F;
			remoteInfo = silka;
		};
		B5D88CB42E6EF3400026435F /* PBXContainerItemProxy */ = {
			isa = PBXContainerItemProxy;
			containerPortal = B5D88C902E6EF3400026435F /* Project object */;
			proxyType = 1;
			remoteGlobalIDString = B5D88C972E6EF3400026435F;
			remoteInfo = silka;
		};
/* End PBXContainerItemProxy section */

/* Begin PBXFileReference section */
		B5D88C982E6EF3400026435F /* silka.app */ = {isa = PBXFileReference; explicitFileType = wrapper.application; includeInIndex = 0; path = silka.app; sourceTree = BUILT_PRODUCTS_DIR; };
		B5D88CA92E6EF3400026435F /* silkaTests.xctest */ = {isa = PBXFileReference; explicitFileType = wrapper.cfbundle; includeInIndex = 0; path = silkaTests.xctest; sourceTree = BUILT_PRODUCTS_DIR; };
		B5D88CB32E6EF3400026435F /* silkaUITests.xctest */ = {isa = PBXFileReference; explicitFileType = wrapper.cfbundle; includeInIndex = 0; path = silkaUITests.xctest; sourceTree = BUILT_PRODUCTS_DIR; };
		B5D88CCA2E6EF7030026435F /* silka.xcodeproj */ = {isa = PBXFileReference; lastKnownFileType = "wrapper.pb-project"; path = silka.xcodeproj; sourceTree = "<group>"; };
		B5D88CCC2E6EF7040026435F /* silka/data/Training Plan for Muscle Gain.json */ = {isa = PBXFileReference; fileEncoding = 4; lastKnownFileType = text.json; path = "silka/data/Training Plan for Muscle Gain.json"; sourceTree = "<group>"; };
		B5DD5CFF2E6EFC65003EAEAA /* silka.xcodeproj */ = {isa = PBXFileReference; lastKnownFileType = "wrapper.pb-project"; path = silka.xcodeproj; sourceTree = "<group>"; };
/* End PBXFileReference section */

/* Begin PBXFileSystemSynchronizedBuildFileExceptionSet section */
		B5D88CBB2E6EF3400026435F /* Exceptions for "silka" folder in "silka" target */ = {
			isa = PBXFileSystemSynchronizedBuildFileExceptionSet;
			membershipExceptions = (
				Info.plist,
			);
			target = B5D88C972E6EF3400026435F /* silka */;
		};
/* End PBXFileSystemSynchronizedBuildFileExceptionSet section */

/* Begin PBXFileSystemSynchronizedRootGroup section */
		B5D88C9A2E6EF3400026435F /* silka */ = {
			isa = PBXFileSystemSynchronizedRootGroup;
			exceptions = (
				B5D88CBB2E6EF3400026435F /* Exceptions for "silka" folder in "silka" target */,
			);
			path = silka;
			sourceTree = "<group>";
		};
		B5D88CAC2E6EF3400026435F /* silkaTests */ = {
			isa = PBXFileSystemSynchronizedRootGroup;
			path = silkaTests;
			sourceTree = "<group>";
		};
		B5D88CB62E6EF3400026435F /* silkaUITests */ = {
			isa = PBXFileSystemSynchronizedRootGroup;
			path = silkaUITests;
			sourceTree = "<group>";
		};
/* End PBXFileSystemSynchronizedRootGroup section */

/* Begin PBXFrameworksBuildPhase section */
		B5D88C952E6EF3400026435F /* Frameworks */ = {
			isa = PBXFrameworksBuildPhase;
			buildActionMask = 2147483647;
			files = (
			);
			runOnlyForDeploymentPostprocessing = 0;
		};
		B5D88CA62E6EF3400026435F /* Frameworks */ = {
			isa = PBXFrameworksBuildPhase;
			buildActionMask = 2147483647;
			files = (
			);
			runOnlyForDeploymentPostprocessing = 0;
		};
		B5D88CB02E6EF3400026435F /* Frameworks */ = {
			isa = PBXFrameworksBuildPhase;
			buildActionMask = 2147483647;
			files = (
			);
			runOnlyForDeploymentPostprocessing = 0;
		};
/* End PBXFrameworksBuildPhase section */

/* Begin PBXGroup section */
		B5D88C8F2E6EF3400026435F = {
			isa = PBXGroup;
			children = (
				B5D88C9A2E6EF3400026435F /* silka */,
				B5D88CAC2E6EF3400026435F /* silkaTests */,
				B5D88CB62E6EF3400026435F /* silkaUITests */,
				B5D88C992E6EF3400026435F /* Products */,
				B5DD5CEE2E6EFC65003EAEAA /* Recovered References */,
			);
			sourceTree = "<group>";
		};
		B5D88C992E6EF3400026435F /* Products */ = {
			isa = PBXGroup;
			children = (
				B5D88C982E6EF3400026435F /* silka.app */,
				B5D88CA92E6EF3400026435F /* silkaTests.xctest */,
				B5D88CB32E6EF3400026435F /* silkaUITests.xctest */,
			);
			name = Products;
			sourceTree = "<group>";
		};
		B5D88CCB2E6EF7030026435F /* Products */ = {
			isa = PBXGroup;
			name = Products;
			sourceTree = "<group>";
		};
		B5DD5CEE2E6EFC65003EAEAA /* Recovered References */ = {
			isa = PBXGroup;
			children = (
				B5D88CCC2E6EF7040026435F /* silka/data/Training Plan for Muscle Gain.json */,
			);
			name = "Recovered References";
			sourceTree = "<group>";
		};
		B5DD5D012E6EFC65003EAEAA /* Products */ = {
			isa = PBXGroup;
			name = Products;
			sourceTree = "<group>";
		};
/* End PBXGroup section */

/* Begin PBXNativeTarget section */
		B5D88C972E6EF3400026435F /* silka */ = {
			isa = PBXNativeTarget;
			buildConfigurationList = B5D88CBC2E6EF3400026435F /* Build configuration list for PBXNativeTarget "silka" */;
			buildPhases = (
				B5D88C942E6EF3400026435F /* Sources */,
				B5D88C952E6EF3400026435F /* Frameworks */,
				B5D88C962E6EF3400026435F /* Resources */,
			);
			buildRules = (
			);
			dependencies = (
			);
			fileSystemSynchronizedGroups = (
				B5D88C9A2E6EF3400026435F /* silka */,
			);
			name = silka;
			packageProductDependencies = (
			);
			productName = silka;
			productReference = B5D88C982E6EF3400026435F /* silka.app */;
			productType = "com.apple.product-type.application";
		};
		B5D88CA82E6EF3400026435F /* silkaTests */ = {
			isa = PBXNativeTarget;
			buildConfigurationList = B5D88CC12E6EF3400026435F /* Build configuration list for PBXNativeTarget "silkaTests" */;
			buildPhases = (
				B5D88CA52E6EF3400026435F /* Sources */,
				B5D88CA62E6EF3400026435F /* Frameworks */,
				B5D88CA72E6EF3400026435F /* Resources */,
			);
			buildRules = (
			);
			dependencies = (
				B5D88CAB2E6EF3400026435F /* PBXTargetDependency */,
			);
			fileSystemSynchronizedGroups = (
				B5D88CAC2E6EF3400026435F /* silkaTests */,
			);
			name = silkaTests;
			packageProductDependencies = (
			);
			productName = silkaTests;
			productReference = B5D88CA92E6EF3400026435F /* silkaTests.xctest */;
			productType = "com.apple.product-type.bundle.unit-test";
		};
		B5D88CB22E6EF3400026435F /* silkaUITests */ = {
			isa = PBXNativeTarget;
			buildConfigurationList = B5D88CC42E6EF3400026435F /* Build configuration list for PBXNativeTarget "silkaUITests" */;
			buildPhases = (
				B5D88CAF2E6EF3400026435F /* Sources */,
				B5D88CB02E6EF3400026435F /* Frameworks */,
				B5D88CB12E6EF3400026435F /* Resources */,
			);
			buildRules = (
			);
			dependencies = (
				B5D88CB52E6EF3400026435F /* PBXTargetDependency */,
			);
			fileSystemSynchronizedGroups = (
				B5D88CB62E6EF3400026435F /* silkaUITests */,
			);
			name = silkaUITests;
			packageProductDependencies = (
			);
			productName = silkaUITests;
			productReference = B5D88CB32E6EF3400026435F /* silkaUITests.xctest */;
			productType = "com.apple.product-type.bundle.ui-testing";
		};
/* End PBXNativeTarget section */

/* Begin PBXProject section */
		B5D88C902E6EF3400026435F /* Project object */ = {
			isa = PBXProject;
			attributes = {
				BuildIndependentTargetsInParallel = 1;
				LastSwiftUpdateCheck = 1640;
				LastUpgradeCheck = 1640;
				TargetAttributes = {
					B5D88C972E6EF3400026435F = {
						CreatedOnToolsVersion = 16.4;
					};
					B5D88CA82E6EF3400026435F = {
						CreatedOnToolsVersion = 16.4;
						TestTargetID = B5D88C972E6EF3400026435F;
					};
					B5D88CB22E6EF3400026435F = {
						CreatedOnToolsVersion = 16.4;
						TestTargetID = B5D88C972E6EF3400026435F;
					};
				};
			};
			buildConfigurationList = B5D88C932E6EF3400026435F /* Build configuration list for PBXProject "silka" */;
			developmentRegion = en;
			hasScannedForEncodings = 0;
			knownRegions = (
				en,
				Base,
			);
			mainGroup = B5D88C8F2E6EF3400026435F;
			minimizedProjectReferenceProxies = 1;
			preferredProjectObjectVersion = 77;
			productRefGroup = B5D88C992E6EF3400026435F /* Products */;
			projectDirPath = "";
			projectReferences = (
				{
					ProductGroup = B5D88CCB2E6EF7030026435F /* Products */;
					ProjectRef = B5D88CCA2E6EF7030026435F /* silka.xcodeproj */;
				},
				{
					ProductGroup = B5DD5D012E6EFC65003EAEAA /* Products */;
					ProjectRef = B5DD5CFF2E6EFC65003EAEAA /* silka.xcodeproj */;
				},
			);
			projectRoot = "";
			targets = (
				B5D88C972E6EF3400026435F /* silka */,
				B5D88CA82E6EF3400026435F /* silkaTests */,
				B5D88CB22E6EF3400026435F /* silkaUITests */,
			);
		};
/* End PBXProject section */

/* Begin PBXResourcesBuildPhase section */
		B5D88C962E6EF3400026435F /* Resources */ = {
			isa = PBXResourcesBuildPhase;
			buildActionMask = 2147483647;
			files = (
				B5D88CCD2E6EF7040026435F /* silka/data/Training Plan for Muscle Gain.json in Resources */,
			);
			runOnlyForDeploymentPostprocessing = 0;
		};
		B5D88CA72E6EF3400026435F /* Resources */ = {
			isa = PBXResourcesBuildPhase;
			buildActionMask = 2147483647;
			files = (
			);
			runOnlyForDeploymentPostprocessing = 0;
		};
		B5D88CB12E6EF3400026435F /* Resources */ = {
			isa = PBXResourcesBuildPhase;
			buildActionMask = 2147483647;
			files = (
			);
			runOnlyForDeploymentPostprocessing = 0;
		};
/* End PBXResourcesBuildPhase section */

/* Begin PBXSourcesBuildPhase section */
		B5D88C942E6EF3400026435F /* Sources */ = {
			isa = PBXSourcesBuildPhase;
			buildActionMask = 2147483647;
			files = (
			);
			runOnlyForDeploymentPostprocessing = 0;
		};
		B5D88CA52E6EF3400026435F /* Sources */ = {
			isa = PBXSourcesBuildPhase;
			buildActionMask = 2147483647;
			files = (
			);
			runOnlyForDeploymentPostprocessing = 0;
		};
		B5D88CAF2E6EF3400026435F /* Sources */ = {
			isa = PBXSourcesBuildPhase;
			buildActionMask = 2147483647;
			files = (
			);
			runOnlyForDeploymentPostprocessing = 0;
		};
/* End PBXSourcesBuildPhase section */

/* Begin PBXTargetDependency section */
		B5D88CAB2E6EF3400026435F /* PBXTargetDependency */ = {
			isa = PBXTargetDependency;
			target = B5D88C972E6EF3400026435F /* silka */;
			targetProxy = B5D88CAA2E6EF3400026435F /* PBXContainerItemProxy */;
		};
		B5D88CB52E6EF3400026435F /* PBXTargetDependency */ = {
			isa = PBXTargetDependency;
			target = B5D88C972E6EF3400026435F /* silka */;
			targetProxy = B5D88CB42E6EF3400026435F /* PBXContainerItemProxy */;
		};
/* End PBXTargetDependency section */

/* Begin XCBuildConfiguration section */
		B5D88CBD2E6EF3400026435F /* Debug */ = {
			isa = XCBuildConfiguration;
			buildSettings = {
				ASSETCATALOG_COMPILER_APPICON_NAME = AppIcon;
				ASSETCATALOG_COMPILER_GLOBAL_ACCENT_COLOR_NAME = AccentColor;
				CODE_SIGN_ENTITLEMENTS = silka/silka.entitlements;
				CODE_SIGN_STYLE = Automatic;
				CURRENT_PROJECT_VERSION = 1;
				DEVELOPMENT_TEAM = 7SPYRTD4PW;
				ENABLE_HARDENED_RUNTIME = YES;
				ENABLE_PREVIEWS = YES;
				GENERATE_INFOPLIST_FILE = YES;
				INFOPLIST_FILE = silka/Info.plist;
				"INFOPLIST_KEY_UIApplicationSceneManifest_Generation[sdk=iphoneos*]" = YES;
				"INFOPLIST_KEY_UIApplicationSceneManifest_Generation[sdk=iphonesimulator*]" = YES;
				"INFOPLIST_KEY_UIApplicationSupportsIndirectInputEvents[sdk=iphoneos*]" = YES;
				"INFOPLIST_KEY_UIApplicationSupportsIndirectInputEvents[sdk=iphonesimulator*]" = YES;
				"INFOPLIST_KEY_UILaunchScreen_Generation[sdk=iphoneos*]" = YES;
				"INFOPLIST_KEY_UILaunchScreen_Generation[sdk=iphonesimulator*]" = YES;
				"INFOPLIST_KEY_UIStatusBarStyle[sdk=iphoneos*]" = UIStatusBarStyleDefault;
				"INFOPLIST_KEY_UIStatusBarStyle[sdk=iphonesimulator*]" = UIStatusBarStyleDefault;
				INFOPLIST_KEY_UISupportedInterfaceOrientations_iPad = "UIInterfaceOrientationPortrait UIInterfaceOrientationPortraitUpsideDown UIInterfaceOrientationLandscapeLeft UIInterfaceOrientationLandscapeRight";
				INFOPLIST_KEY_UISupportedInterfaceOrientations_iPhone = "UIInterfaceOrientationPortrait UIInterfaceOrientationLandscapeLeft UIInterfaceOrientationLandscapeRight";
				IPHONEOS_DEPLOYMENT_TARGET = 18.5;
				LD_RUNPATH_SEARCH_PATHS = "@executable_path/Frameworks";
				"LD_RUNPATH_SEARCH_PATHS[sdk=macosx*]" = "@executable_path/../Frameworks";
				MACOSX_DEPLOYMENT_TARGET = 14.0;
				MARKETING_VERSION = 1.0;
				PRODUCT_BUNDLE_IDENTIFIER = me.piekara.silka;
				PRODUCT_NAME = "$(TARGET_NAME)";
				REGISTER_APP_GROUPS = YES;
				SDKROOT = auto;
				SUPPORTED_PLATFORMS = "iphoneos iphonesimulator macosx xros xrsimulator";
				SWIFT_EMIT_LOC_STRINGS = YES;
				SWIFT_VERSION = 5.0;
				TARGETED_DEVICE_FAMILY = "1,2,7";
				XROS_DEPLOYMENT_TARGET = 2.5;
			};
			name = Debug;
		};
		B5D88CBE2E6EF3400026435F /* Release */ = {
			isa = XCBuildConfiguration;
			buildSettings = {
				ASSETCATALOG_COMPILER_APPICON_NAME = AppIcon;
				ASSETCATALOG_COMPILER_GLOBAL_ACCENT_COLOR_NAME = AccentColor;
				CODE_SIGN_ENTITLEMENTS = silka/silka.entitlements;
				CODE_SIGN_STYLE = Automatic;
				CURRENT_PROJECT_VERSION = 1;
				DEVELOPMENT_TEAM = 7SPYRTD4PW;
				ENABLE_HARDENED_RUNTIME = YES;
				ENABLE_PREVIEWS = YES;
				GENERATE_INFOPLIST_FILE = YES;
				INFOPLIST_FILE = silka/Info.plist;
				"INFOPLIST_KEY_UIApplicationSceneManifest_Generation[sdk=iphoneos*]" = YES;
				"INFOPLIST_KEY_UIApplicationSceneManifest_Generation[sdk=iphonesimulator*]" = YES;
				"INFOPLIST_KEY_UIApplicationSupportsIndirectInputEvents[sdk=iphoneos*]" = YES;
				"INFOPLIST_KEY_UIApplicationSupportsIndirectInputEvents[sdk=iphonesimulator*]" = YES;
				"INFOPLIST_KEY_UILaunchScreen_Generation[sdk=iphoneos*]" = YES;
				"INFOPLIST_KEY_UILaunchScreen_Generation[sdk=iphonesimulator*]" = YES;
				"INFOPLIST_KEY_UIStatusBarStyle[sdk=iphoneos*]" = UIStatusBarStyleDefault;
				"INFOPLIST_KEY_UIStatusBarStyle[sdk=iphonesimulator*]" = UIStatusBarStyleDefault;
				INFOPLIST_KEY_UISupportedInterfaceOrientations_iPad = "UIInterfaceOrientationPortrait UIInterfaceOrientationPortraitUpsideDown UIInterfaceOrientationLandscapeLeft UIInterfaceOrientationLandscapeRight";
				INFOPLIST_KEY_UISupportedInterfaceOrientations_iPhone = "UIInterfaceOrientationPortrait UIInterfaceOrientationLandscapeLeft UIInterfaceOrientationLandscapeRight";
				IPHONEOS_DEPLOYMENT_TARGET = 18.5;
				LD_RUNPATH_SEARCH_PATHS = "@executable_path/Frameworks";
				"LD_RUNPATH_SEARCH_PATHS[sdk=macosx*]" = "@executable_path/../Frameworks";
				MACOSX_DEPLOYMENT_TARGET = 14.0;
				MARKETING_VERSION = 1.0;
				PRODUCT_BUNDLE_IDENTIFIER = me.piekara.silka;
				PRODUCT_NAME = "$(TARGET_NAME)";
				REGISTER_APP_GROUPS = YES;
				SDKROOT = auto;
				SUPPORTED_PLATFORMS = "iphoneos iphonesimulator macosx xros xrsimulator";
				SWIFT_EMIT_LOC_STRINGS = YES;
				SWIFT_VERSION = 5.0;
				TARGETED_DEVICE_FAMILY = "1,2,7";
				XROS_DEPLOYMENT_TARGET = 2.5;
			};
			name = Release;
		};
		B5D88CBF2E6EF3400026435F /* Debug */ = {
			isa = XCBuildConfiguration;
			buildSettings = {
				ALWAYS_SEARCH_USER_PATHS = NO;
				ASSETCATALOG_COMPILER_GENERATE_SWIFT_ASSET_SYMBOL_EXTENSIONS = YES;
				CLANG_ANALYZER_NONNULL = YES;
				CLANG_ANALYZER_NUMBER_OBJECT_CONVERSION = YES_AGGRESSIVE;
				CLANG_CXX_LANGUAGE_STANDARD = "gnu++20";
				CLANG_ENABLE_MODULES = YES;
				CLANG_ENABLE_OBJC_ARC = YES;
				CLANG_ENABLE_OBJC_WEAK = YES;
				CLANG_WARN_BLOCK_CAPTURE_AUTORELEASING = YES;
				CLANG_WARN_BOOL_CONVERSION = YES;
				CLANG_WARN_COMMA = YES;
				CLANG_WARN_CONSTANT_CONVERSION = YES;
				CLANG_WARN_DEPRECATED_OBJC_IMPLEMENTATIONS = YES;
				CLANG_WARN_DIRECT_OBJC_ISA_USAGE = YES_ERROR;
				CLANG_WARN_DOCUMENTATION_COMMENTS = YES;
				CLANG_WARN_EMPTY_BODY = YES;
				CLANG_WARN_ENUM_CONVERSION = YES;
				CLANG_WARN_INFINITE_RECURSION = YES;
				CLANG_WARN_INT_CONVERSION = YES;
				CLANG_WARN_NON_LITERAL_NULL_CONVERSION = YES;
				CLANG_WARN_OBJC_IMPLICIT_RETAIN_SELF = YES;
				CLANG_WARN_OBJC_LITERAL_CONVERSION = YES;
				CLANG_WARN_OBJC_ROOT_CLASS = YES_ERROR;
				CLANG_WARN_QUOTED_INCLUDE_IN_FRAMEWORK_HEADER = YES;
				CLANG_WARN_RANGE_LOOP_ANALYSIS = YES;
				CLANG_WARN_STRICT_PROTOTYPES = YES;
				CLANG_WARN_SUSPICIOUS_MOVE = YES;
				CLANG_WARN_UNGUARDED_AVAILABILITY = YES_AGGRESSIVE;
				CLANG_WARN_UNREACHABLE_CODE = YES;
				CLANG_WARN__DUPLICATE_METHOD_MATCH = YES;
				COPY_PHASE_STRIP = NO;
				DEBUG_INFORMATION_FORMAT = dwarf;
				DEVELOPMENT_TEAM = 7SPYRTD4PW;
				ENABLE_STRICT_OBJC_MSGSEND = YES;
				ENABLE_TESTABILITY = YES;
				ENABLE_USER_SCRIPT_SANDBOXING = YES;
				GCC_C_LANGUAGE_STANDARD = gnu17;
				GCC_DYNAMIC_NO_PIC = NO;
				GCC_NO_COMMON_BLOCKS = YES;
				GCC_OPTIMIZATION_LEVEL = 0;
				GCC_PREPROCESSOR_DEFINITIONS = (
					"DEBUG=1",
					"$(inherited)",
				);
				GCC_WARN_64_TO_32_BIT_CONVERSION = YES;
				GCC_WARN_ABOUT_RETURN_TYPE = YES_ERROR;
				GCC_WARN_UNDECLARED_SELECTOR = YES;
				GCC_WARN_UNINITIALIZED_AUTOS = YES_AGGRESSIVE;
				GCC_WARN_UNUSED_FUNCTION = YES;
				GCC_WARN_UNUSED_VARIABLE = YES;
				LOCALIZATION_PREFERS_STRING_CATALOGS = YES;
				MTL_ENABLE_DEBUG_INFO = INCLUDE_SOURCE;
				MTL_FAST_MATH = YES;
				ONLY_ACTIVE_ARCH = YES;
				SWIFT_ACTIVE_COMPILATION_CONDITIONS = "DEBUG $(inherited)";
				SWIFT_OPTIMIZATION_LEVEL = "-Onone";
			};
			name = Debug;
		};
		B5D88CC02E6EF3400026435F /* Release */ = {
			isa = XCBuildConfiguration;
			buildSettings = {
				ALWAYS_SEARCH_USER_PATHS = NO;
				ASSETCATALOG_COMPILER_GENERATE_SWIFT_ASSET_SYMBOL_EXTENSIONS = YES;
				CLANG_ANALYZER_NONNULL = YES;
				CLANG_ANALYZER_NUMBER_OBJECT_CONVERSION = YES_AGGRESSIVE;
				CLANG_CXX_LANGUAGE_STANDARD = "gnu++20";
				CLANG_ENABLE_MODULES = YES;
				CLANG_ENABLE_OBJC_ARC = YES;
				CLANG_ENABLE_OBJC_WEAK = YES;
				CLANG_WARN_BLOCK_CAPTURE_AUTORELEASING = YES;
				CLANG_WARN_BOOL_CONVERSION = YES;
				CLANG_WARN_COMMA = YES;
				CLANG_WARN_CONSTANT_CONVERSION = YES;
				CLANG_WARN_DEPRECATED_OBJC_IMPLEMENTATIONS = YES;
				CLANG_WARN_DIRECT_OBJC_ISA_USAGE = YES_ERROR;
				CLANG_WARN_DOCUMENTATION_COMMENTS = YES;
				CLANG_WARN_EMPTY_BODY = YES;
				CLANG_WARN_ENUM_CONVERSION = YES;
				CLANG_WARN_INFINITE_RECURSION = YES;
				CLANG_WARN_INT_CONVERSION = YES;
				CLANG_WARN_NON_LITERAL_NULL_CONVERSION = YES;
				CLANG_WARN_OBJC_IMPLICIT_RETAIN_SELF = YES;
				CLANG_WARN_OBJC_LITERAL_CONVERSION = YES;
				CLANG_WARN_OBJC_ROOT_CLASS = YES_ERROR;
				CLANG_WARN_QUOTED_INCLUDE_IN_FRAMEWORK_HEADER = YES;
				CLANG_WARN_RANGE_LOOP_ANALYSIS = YES;
				CLANG_WARN_STRICT_PROTOTYPES = YES;
				CLANG_WARN_SUSPICIOUS_MOVE = YES;
				CLANG_WARN_UNGUARDED_AVAILABILITY = YES_AGGRESSIVE;
				CLANG_WARN_UNREACHABLE_CODE = YES;
				CLANG_WARN__DUPLICATE_METHOD_MATCH = YES;
				COPY_PHASE_STRIP = NO;
				DEBUG_INFORMATION_FORMAT = "dwarf-with-dsym";
				DEVELOPMENT_TEAM = 7SPYRTD4PW;
				ENABLE_NS_ASSERTIONS = NO;
				ENABLE_STRICT_OBJC_MSGSEND = YES;
				ENABLE_USER_SCRIPT_SANDBOXING = YES;
				GCC_C_LANGUAGE_STANDARD = gnu17;
				GCC_NO_COMMON_BLOCKS = YES;
				GCC_WARN_64_TO_32_BIT_CONVERSION = YES;
				GCC_WARN_ABOUT_RETURN_TYPE = YES_ERROR;
				GCC_WARN_UNDECLARED_SELECTOR = YES;
				GCC_WARN_UNINITIALIZED_AUTOS = YES_AGGRESSIVE;
				GCC_WARN_UNUSED_FUNCTION = YES;
				GCC_WARN_UNUSED_VARIABLE = YES;
				LOCALIZATION_PREFERS_STRING_CATALOGS = YES;
				MTL_ENABLE_DEBUG_INFO = NO;
				MTL_FAST_MATH = YES;
				SWIFT_COMPILATION_MODE = wholemodule;
			};
			name = Release;
		};
		B5D88CC22E6EF3400026435F /* Debug */ = {
			isa = XCBuildConfiguration;
			buildSettings = {
				BUNDLE_LOADER = "$(TEST_HOST)";
				CODE_SIGN_STYLE = Automatic;
				CURRENT_PROJECT_VERSION = 1;
				DEVELOPMENT_TEAM = 7SPYRTD4PW;
				GENERATE_INFOPLIST_FILE = YES;
				IPHONEOS_DEPLOYMENT_TARGET = 18.5;
				MACOSX_DEPLOYMENT_TARGET = 15.5;
				MARKETING_VERSION = 1.0;
				PRODUCT_BUNDLE_IDENTIFIER = me.piekara.silkaTests;
				PRODUCT_NAME = "$(TARGET_NAME)";
				SDKROOT = auto;
				SUPPORTED_PLATFORMS = "iphoneos iphonesimulator macosx xros xrsimulator";
				SWIFT_EMIT_LOC_STRINGS = NO;
				SWIFT_VERSION = 5.0;
				TARGETED_DEVICE_FAMILY = "1,2,7";
				TEST_HOST = "$(BUILT_PRODUCTS_DIR)/silka.app/$(BUNDLE_EXECUTABLE_FOLDER_PATH)/silka";
				XROS_DEPLOYMENT_TARGET = 2.5;
			};
			name = Debug;
		};
		B5D88CC32E6EF3400026435F /* Release */ = {
			isa = XCBuildConfiguration;
			buildSettings = {
				BUNDLE_LOADER = "$(TEST_HOST)";
				CODE_SIGN_STYLE = Automatic;
				CURRENT_PROJECT_VERSION = 1;
				DEVELOPMENT_TEAM = 7SPYRTD4PW;
				GENERATE_INFOPLIST_FILE = YES;
				IPHONEOS_DEPLOYMENT_TARGET = 18.5;
				MACOSX_DEPLOYMENT_TARGET = 15.5;
				MARKETING_VERSION = 1.0;
				PRODUCT_BUNDLE_IDENTIFIER = me.piekara.silkaTests;
				PRODUCT_NAME = "$(TARGET_NAME)";
				SDKROOT = auto;
				SUPPORTED_PLATFORMS = "iphoneos iphonesimulator macosx xros xrsimulator";
				SWIFT_EMIT_LOC_STRINGS = NO;
				SWIFT_VERSION = 5.0;
				TARGETED_DEVICE_FAMILY = "1,2,7";
				TEST_HOST = "$(BUILT_PRODUCTS_DIR)/silka.app/$(BUNDLE_EXECUTABLE_FOLDER_PATH)/silka";
				XROS_DEPLOYMENT_TARGET = 2.5;
			};
			name = Release;
		};
		B5D88CC52E6EF3400026435F /* Debug */ = {
			isa = XCBuildConfiguration;
			buildSettings = {
				CODE_SIGN_STYLE = Automatic;
				CURRENT_PROJECT_VERSION = 1;
				DEVELOPMENT_TEAM = 7SPYRTD4PW;
				GENERATE_INFOPLIST_FILE = YES;
				IPHONEOS_DEPLOYMENT_TARGET = 18.5;
				MACOSX_DEPLOYMENT_TARGET = 15.5;
				MARKETING_VERSION = 1.0;
				PRODUCT_BUNDLE_IDENTIFIER = me.piekara.silkaUITests;
				PRODUCT_NAME = "$(TARGET_NAME)";
				SDKROOT = auto;
				SUPPORTED_PLATFORMS = "iphoneos iphonesimulator macosx xros xrsimulator";
				SWIFT_EMIT_LOC_STRINGS = NO;
				SWIFT_VERSION = 5.0;
				TARGETED_DEVICE_FAMILY = "1,2,7";
				TEST_TARGET_NAME = silka;
				XROS_DEPLOYMENT_TARGET = 2.5;
			};
			name = Debug;
		};
		B5D88CC62E6EF3400026435F /* Release */ = {
			isa = XCBuildConfiguration;
			buildSettings = {
				CODE_SIGN_STYLE = Automatic;
				CURRENT_PROJECT_VERSION = 1;
				DEVELOPMENT_TEAM = 7SPYRTD4PW;
				GENERATE_INFOPLIST_FILE = YES;
				IPHONEOS_DEPLOYMENT_TARGET = 18.5;
				MACOSX_DEPLOYMENT_TARGET = 15.5;
				MARKETING_VERSION = 1.0;
				PRODUCT_BUNDLE_IDENTIFIER = me.piekara.silkaUITests;
				PRODUCT_NAME = "$(TARGET_NAME)";
				SDKROOT = auto;
				SUPPORTED_PLATFORMS = "iphoneos iphonesimulator macosx xros xrsimulator";
				SWIFT_EMIT_LOC_STRINGS = NO;
				SWIFT_VERSION = 5.0;
				TARGETED_DEVICE_FAMILY = "1,2,7";
				TEST_TARGET_NAME = silka;
				XROS_DEPLOYMENT_TARGET = 2.5;
			};
			name = Release;
		};
/* End XCBuildConfiguration section */

/* Begin XCConfigurationList section */
		B5D88C932E6EF3400026435F /* Build configuration list for PBXProject "silka" */ = {
			isa = XCConfigurationList;
			buildConfigurations = (
				B5D88CBF2E6EF3400026435F /* Debug */,
				B5D88CC02E6EF3400026435F /* Release */,
			);
			defaultConfigurationIsVisible = 0;
			defaultConfigurationName = Release;
		};
		B5D88CBC2E6EF3400026435F /* Build configuration list for PBXNativeTarget "silka" */ = {
			isa = XCConfigurationList;
			buildConfigurations = (
				B5D88CBD2E6EF3400026435F /* Debug */,
				B5D88CBE2E6EF3400026435F /* Release */,
			);
			defaultConfigurationIsVisible = 0;
			defaultConfigurationName = Release;
		};
		B5D88CC12E6EF3400026435F /* Build configuration list for PBXNativeTarget "silkaTests" */ = {
			isa = XCConfigurationList;
			buildConfigurations = (
				B5D88CC22E6EF3400026435F /* Debug */,
				B5D88CC32E6EF3400026435F /* Release */,
			);
			defaultConfigurationIsVisible = 0;
			defaultConfigurationName = Release;
		};
		B5D88CC42E6EF3400026435F /* Build configuration list for PBXNativeTarget "silkaUITests" */ = {
			isa = XCConfigurationList;
			buildConfigurations = (
				B5D88CC52E6EF3400026435F /* Debug */,
				B5D88CC62E6EF3400026435F /* Release */,
			);
			defaultConfigurationIsVisible = 0;
			defaultConfigurationName = Release;
		};
/* End XCConfigurationList section */
	};
	rootObject = B5D88C902E6EF3400026435F /* Project object */;
}
